{
    "version": 3,
    "terraform_version": "0.10.2",
    "serial": 2,
    "lineage": "08389bc8-3a65-4e89-af18-6c621891a195",
    "modules": [
        {
            "path": [
                "root"
            ],
            "outputs": {},
            "resources": {},
            "depends_on": []
        },
        {
            "path": [
                "root",
                "ec2_pro"
            ],
            "outputs": {},
            "resources": {
                "aws_instance.example": {
                    "type": "aws_instance",
                    "depends_on": [],
                    "primary": {
                        "id": "i-07e8af0ba96b62574",
                        "attributes": {
                            "ami": "ami-501b5f3f",
                            "associate_public_ip_address": "true",
                            "availability_zone": "ap-south-1a",
                            "disable_api_termination": "false",
                            "ebs_block_device.#": "0",
                            "ebs_optimized": "false",
                            "ephemeral_block_device.#": "0",
                            "iam_instance_profile": "",
                            "id": "i-07e8af0ba96b62574",
                            "instance_state": "running",
                            "instance_type": "t2.micro",
                            "ipv6_addresses.#": "0",
                            "key_name": "docker key",
                            "monitoring": "false",
                            "network_interface.#": "0",
                            "network_interface_id": "eni-c676729a",
                            "primary_network_interface_id": "eni-c676729a",
                            "private_dns": "ip-172-31-19-125.ap-south-1.compute.internal",
                            "private_ip": "172.31.19.125",
                            "public_dns": "ec2-13-126-213-126.ap-south-1.compute.amazonaws.com",
                            "public_ip": "13.126.213.126",
                            "root_block_device.#": "1",
                            "root_block_device.0.delete_on_termination": "true",
                            "root_block_device.0.iops": "100",
                            "root_block_device.0.volume_size": "8",
                            "root_block_device.0.volume_type": "gp2",
                            "security_groups.#": "0",
                            "source_dest_check": "true",
                            "subnet_id": "subnet-50c63d39",
                            "tags.%": "1",
                            "tags.Name": "My auto instance",
                            "tenancy": "default",
                            "volume_tags.%": "0",
                            "vpc_security_group_ids.#": "1",
                            "vpc_security_group_ids.2773536122": "sg-caf63ba3"
                        },
                        "meta": {
                            "e2bfb730-ecaa-11e6-8f88-34363bc7c4c0": {
                                "create": 600000000000,
                                "delete": 600000000000,
                                "update": 600000000000
                            },
                            "schema_version": "1"
                        },
                        "tainted": false
                    },
                    "deposed": [],
                    "provider": ""
                }
            },
            "depends_on": []
        },
        {
            "path": [
                "root",
                "ec2_pro_New"
            ],
            "outputs": {},
            "resources": {
                "aws_instance.example": {
                    "type": "aws_instance",
                    "depends_on": [],
                    "primary": {
                        "id": "i-0b30252bb9883990f",
                        "attributes": {
                            "ami": "ami-501b5f3f",
                            "associate_public_ip_address": "true",
                            "availability_zone": "ap-south-1a",
                            "disable_api_termination": "false",
                            "ebs_block_device.#": "0",
                            "ebs_optimized": "false",
                            "ephemeral_block_device.#": "0",
                            "iam_instance_profile": "",
                            "id": "i-0b30252bb9883990f",
                            "instance_state": "running",
                            "instance_type": "t2.nano",
                            "ipv6_addresses.#": "0",
                            "key_name": "docker key",
                            "monitoring": "false",
                            "network_interface.#": "0",
                            "network_interface_id": "eni-c271759e",
                            "primary_network_interface_id": "eni-c271759e",
                            "private_dns": "ip-172-31-22-78.ap-south-1.compute.internal",
                            "private_ip": "172.31.22.78",
                            "public_dns": "ec2-52-66-53-247.ap-south-1.compute.amazonaws.com",
                            "public_ip": "52.66.53.247",
                            "root_block_device.#": "1",
                            "root_block_device.0.delete_on_termination": "true",
                            "root_block_device.0.iops": "100",
                            "root_block_device.0.volume_size": "8",
                            "root_block_device.0.volume_type": "gp2",
                            "security_groups.#": "0",
                            "source_dest_check": "true",
                            "subnet_id": "subnet-50c63d39",
                            "tags.%": "1",
                            "tags.Name": "My auto instance",
                            "tenancy": "default",
                            "volume_tags.%": "0",
                            "vpc_security_group_ids.#": "1",
                            "vpc_security_group_ids.2773536122": "sg-caf63ba3"
                        },
                        "meta": {
                            "e2bfb730-ecaa-11e6-8f88-34363bc7c4c0": {
                                "create": 600000000000,
                                "delete": 600000000000,
                                "update": 600000000000
                            },
                            "schema_version": "1"
                        },
                        "tainted": false
                    },
                    "deposed": [],
                    "provider": ""
                }
            },
            "depends_on": []
        }
    ]
}
